
Microsoft Visual Studio Solution File, Format Version 12.00
# Visual Studio Version 16
VisualStudioVersion = 16.0.32002.261
MinimumVisualStudioVersion = 10.0.40219.1
Project("{FAE04EC0-301F-11D3-BF4B-00C04F79EFBC}") = "Lab2-17", "Lab2-17\Lab2-17.csproj", "{A61BD8F5-688C-4DB3-9F22-FC2E286880CA}"
EndProject
Global
	GlobalSection(SolutionConfigurationPlatforms) = preSolution
		Debug|Any CPU = Debug|Any CPU
		Release|Any CPU = Release|Any CPU
	EndGlobalSection
	GlobalSection(ProjectConfigurationPlatforms) = postSolution
		{A61BD8F5-688C-4DB3-9F22-FC2E286880CA}.Debug|Any CPU.ActiveCfg = Debug|Any CPU
		{A61BD8F5-688C-4DB3-9F22-FC2E286880CA}.Debug|Any CPU.Build.0 = Debug|Any CPU
		{A61BD8F5-688C-4DB3-9F22-FC2E286880CA}.Release|Any CPU.ActiveCfg = Release|Any CPU
		{A61BD8F5-688C-4DB3-9F22-FC2E286880CA}.Release|Any CPU.Build.0 = Release|Any CPU
	EndGlobalSection
	GlobalSection(SolutionProperties) = preSolution
		HideSolutionNode = FALSE
	EndGlobalSection
	GlobalSection(ExtensibilityGlobals) = postSolution
		SolutionGuid = {6F414689-5DD7-4E67-BBA0-814E513BA3E2}
	EndGlobalSection
EndGlobal
